
Microsoft Visual Studio Solution File, Format Version 12.00
# Visual Studio Version 17
VisualStudioVersion = 17.6.33801.468
MinimumVisualStudioVersion = 10.0.40219.1
Project("{FAE04EC0-301F-11D3-BF4B-00C04F79EFBC}") = "can_hediyelik", "can_hediyelik\can_hediyelik.csproj", "{A4C08085-1C5F-428A-9DEB-8242974C82FC}"
EndProject
Global
	GlobalSection(SolutionConfigurationPlatforms) = preSolution
		Debug|Any CPU = Debug|Any CPU
		Release|Any CPU = Release|Any CPU
	EndGlobalSection
	GlobalSection(ProjectConfigurationPlatforms) = postSolution
		{A4C08085-1C5F-428A-9DEB-8242974C82FC}.Debug|Any CPU.ActiveCfg = Debug|Any CPU
		{A4C08085-1C5F-428A-9DEB-8242974C82FC}.Debug|Any CPU.Build.0 = Debug|Any CPU
		{A4C08085-1C5F-428A-9DEB-8242974C82FC}.Release|Any CPU.ActiveCfg = Release|Any CPU
		{A4C08085-1C5F-428A-9DEB-8242974C82FC}.Release|Any CPU.Build.0 = Release|Any CPU
	EndGlobalSection
	GlobalSection(SolutionProperties) = preSolution
		HideSolutionNode = FALSE
	EndGlobalSection
	GlobalSection(ExtensibilityGlobals) = postSolution
		SolutionGuid = {99F8F9AE-8D02-41AA-8D6B-39975FD69A3D}
	EndGlobalSection
EndGlobal
